
Microsoft Visual Studio Solution File, Format Version 12.00
# Visual Studio Version 17
VisualStudioVersion = 17.7.34031.279
MinimumVisualStudioVersion = 10.0.40219.1
Project("{FAE04EC0-301F-11D3-BF4B-00C04F79EFBC}") = "LINQDemo", "LINQDemo\LINQDemo.csproj", "{A22AEBBB-A16F-44DE-A46E-FDAD0D804E15}"
EndProject
Global
	GlobalSection(SolutionConfigurationPlatforms) = preSolution
		Debug|Any CPU = Debug|Any CPU
		Release|Any CPU = Release|Any CPU
	EndGlobalSection
	GlobalSection(ProjectConfigurationPlatforms) = postSolution
		{A22AEBBB-A16F-44DE-A46E-FDAD0D804E15}.Debug|Any CPU.ActiveCfg = Debug|Any CPU
		{A22AEBBB-A16F-44DE-A46E-FDAD0D804E15}.Debug|Any CPU.Build.0 = Debug|Any CPU
		{A22AEBBB-A16F-44DE-A46E-FDAD0D804E15}.Release|Any CPU.ActiveCfg = Release|Any CPU
		{A22AEBBB-A16F-44DE-A46E-FDAD0D804E15}.Release|Any CPU.Build.0 = Release|Any CPU
	EndGlobalSection
	GlobalSection(SolutionProperties) = preSolution
		HideSolutionNode = FALSE
	EndGlobalSection
	GlobalSection(ExtensibilityGlobals) = postSolution
		SolutionGuid = {F6D62479-E2CB-4788-998D-133EC497EDC5}
	EndGlobalSection
EndGlobal
